{
  "name": "new",
  "lockfileVersion": 2,
  "requires": true,
  "packages": {
    "": {
      "dependencies": {
        "@sentry/browser": "^6.18.1",
        "@sentry/tracing": "^6.18.1"
      }
    },
    "node_modules/@sentry/browser": {
      "version": "6.18.1",
      "resolved": "https://registry.npmjs.org/@sentry/browser/-/browser-6.18.1.tgz",
      "integrity": "sha512-OZmk6RNcdQWxUkC8HBEruqpWUsaX/+pb1J/R5cDfHNeePLbDj9b8KFfs9QkgyZmmEP6l0Nu80TuDsdPF0q4uyw==",
      "dependencies": {
        "@sentry/core": "6.18.1",
        "@sentry/types": "6.18.1",
        "@sentry/utils": "6.18.1",
        "tslib": "^1.9.3"
      },
      "engines": {
        "node": ">=6"
      }
    },
    "node_modules/@sentry/core": {
      "version": "6.18.1",
      "resolved": "https://registry.npmjs.org/@sentry/core/-/core-6.18.1.tgz",
      "integrity": "sha512-9V8Q+3Asi+3RL67CSIMMZ9mjMsu2/hrpQszYStX7hPPpAZIlAKk2MT5B+na/r80iWKhy+3Ts6aDFF218QtnsVw==",
      "license": "BSD-3-Clause",
      "dependencies": {
        "@sentry/hub": "6.18.1",
        "@sentry/minimal": "6.18.1",
        "@sentry/types": "6.18.1",
        "@sentry/utils": "6.18.1",
        "tslib": "^1.9.3"
      },
      "engines": {
        "node": ">=6"
      }
    },
    "node_modules/@sentry/hub": {
      "version": "6.18.1",
      "resolved": "https://registry.npmjs.org/@sentry/hub/-/hub-6.18.1.tgz",
      "integrity": "sha512-+zGzgc/xX3an/nKA3ELMn9YD9VmqbNaNwWZ5/SjNUvzsYHh2UNZ7YzT8WawQsRVOXLljyCKxkWpFB4EchiYGbw==",
      "license": "BSD-3-Clause",
      "dependencies": {
        "@sentry/types": "6.18.1",
        "@sentry/utils": "6.18.1",
        "tslib": "^1.9.3"
      },
      "engines": {
        "node": ">=6"
      }
    },
    "node_modules/@sentry/minimal": {
      "version": "6.18.1",
      "resolved": "https://registry.npmjs.org/@sentry/minimal/-/minimal-6.18.1.tgz",
      "integrity": "sha512-dm+0MuasWNi/LASvHX+09oCo8IBZY5WpMK8qXvQMnwQ9FVfklrjcfEI3666WORDCmeUhDCSeL2MbjPDm+AmPLg==",
      "license": "BSD-3-Clause",
      "dependencies": {
        "@sentry/hub": "6.18.1",
        "@sentry/types": "6.18.1",
        "tslib": "^1.9.3"
      },
      "engines": {
        "node": ">=6"
      }
    },
    "node_modules/@sentry/tracing": {
      "version": "6.18.1",
      "resolved": "https://registry.npmjs.org/@sentry/tracing/-/tracing-6.18.1.tgz",
      "integrity": "sha512-OxozmSfxGx246Ae1XhO01I7ZWxO3briwMBh55E5KyjQb8fuS9gVE7Uy8ZRs5hhNjDutFAU7nMtC0zipfVxP6fg==",
      "dependencies": {
        "@sentry/hub": "6.18.1",
        "@sentry/minimal": "6.18.1",
        "@sentry/types": "6.18.1",
        "@sentry/utils": "6.18.1",
        "tslib": "^1.9.3"
      },
      "engines": {
        "node": ">=6"
      }
    },
    "node_modules/@sentry/types": {
      "version": "6.18.1",
      "resolved": "https://registry.npmjs.org/@sentry/types/-/types-6.18.1.tgz",
      "integrity": "sha512-wp741NoBKnXE/4T9L723sWJ8EcNMxeTIT1smgNJOfbPwrsDICoYmGEt6JFa05XHpWBGI66WuNvnDjoHVeh6zhA==",
      "license": "BSD-3-Clause",
      "engines": {
        "node": ">=6"
      }
    },
    "node_modules/@sentry/utils": {
      "version": "6.18.1",
      "resolved": "https://registry.npmjs.org/@sentry/utils/-/utils-6.18.1.tgz",
      "integrity": "sha512-IFZmuvA+c5lDGlZEri13JSyUP0BHelzY0S4dcKxAzskPW+BtBdQDgYGV90iED1y+IRMLawWb34GF7HyJSouN1Q==",
      "license": "BSD-3-Clause",
      "dependencies": {
        "@sentry/types": "6.18.1",
        "tslib": "^1.9.3"
      },
      "engines": {
        "node": ">=6"
      }
    },
    "node_modules/tslib": {
      "version": "1.14.1",
      "resolved": "https://registry.npmjs.org/tslib/-/tslib-1.14.1.tgz",
      "integrity": "sha512-Xni35NKzjgMrwevysHTCArtLDpPvye8zV/0E4EyYn43P7/7qvQwPh9BGkHewbMulVntbigmcT7rdX3BNo9wRJg==",
      "license": "0BSD"
    }
  },
  "dependencies": {
    "@sentry/browser": {
      "version": "6.18.1",
      "resolved": "https://registry.npmjs.org/@sentry/browser/-/browser-6.18.1.tgz",
      "integrity": "sha512-OZmk6RNcdQWxUkC8HBEruqpWUsaX/+pb1J/R5cDfHNeePLbDj9b8KFfs9QkgyZmmEP6l0Nu80TuDsdPF0q4uyw==",
      "requires": {
        "@sentry/core": "6.18.1",
        "@sentry/types": "6.18.1",
        "@sentry/utils": "6.18.1",
        "tslib": "^1.9.3"
      }
    },
    "@sentry/core": {
      "version": "6.18.1",
      "resolved": "https://registry.npmjs.org/@sentry/core/-/core-6.18.1.tgz",
      "integrity": "sha512-9V8Q+3Asi+3RL67CSIMMZ9mjMsu2/hrpQszYStX7hPPpAZIlAKk2MT5B+na/r80iWKhy+3Ts6aDFF218QtnsVw==",
      "requires": {
        "@sentry/hub": "6.18.1",
        "@sentry/minimal": "6.18.1",
        "@sentry/types": "6.18.1",
        "@sentry/utils": "6.18.1",
        "tslib": "^1.9.3"
      }
    },
    "@sentry/hub": {
      "version": "6.18.1",
      "resolved": "https://registry.npmjs.org/@sentry/hub/-/hub-6.18.1.tgz",
      "integrity": "sha512-+zGzgc/xX3an/nKA3ELMn9YD9VmqbNaNwWZ5/SjNUvzsYHh2UNZ7YzT8WawQsRVOXLljyCKxkWpFB4EchiYGbw==",
      "requires": {
        "@sentry/types": "6.18.1",
        "@sentry/utils": "6.18.1",
        "tslib": "^1.9.3"
      }
    },
    "@sentry/minimal": {
      "version": "6.18.1",
      "resolved": "https://registry.npmjs.org/@sentry/minimal/-/minimal-6.18.1.tgz",
      "integrity": "sha512-dm+0MuasWNi/LASvHX+09oCo8IBZY5WpMK8qXvQMnwQ9FVfklrjcfEI3666WORDCmeUhDCSeL2MbjPDm+AmPLg==",
      "requires": {
        "@sentry/hub": "6.18.1",
        "@sentry/types": "6.18.1",
        "tslib": "^1.9.3"
      }
    },
    "@sentry/tracing": {
      "version": "6.18.1",
      "resolved": "https://registry.npmjs.org/@sentry/tracing/-/tracing-6.18.1.tgz",
      "integrity": "sha512-OxozmSfxGx246Ae1XhO01I7ZWxO3briwMBh55E5KyjQb8fuS9gVE7Uy8ZRs5hhNjDutFAU7nMtC0zipfVxP6fg==",
      "requires": {
        "@sentry/hub": "6.18.1",
        "@sentry/minimal": "6.18.1",
        "@sentry/types": "6.18.1",
        "@sentry/utils": "6.18.1",
        "tslib": "^1.9.3"
      }
    },
    "@sentry/types": {
      "version": "6.18.1",
      "resolved": "https://registry.npmjs.org/@sentry/types/-/types-6.18.1.tgz",
      "integrity": "sha512-wp741NoBKnXE/4T9L723sWJ8EcNMxeTIT1smgNJOfbPwrsDICoYmGEt6JFa05XHpWBGI66WuNvnDjoHVeh6zhA=="
    },
    "@sentry/utils": {
      "version": "6.18.1",
      "resolved": "https://registry.npmjs.org/@sentry/utils/-/utils-6.18.1.tgz",
      "integrity": "sha512-IFZmuvA+c5lDGlZEri13JSyUP0BHelzY0S4dcKxAzskPW+BtBdQDgYGV90iED1y+IRMLawWb34GF7HyJSouN1Q==",
      "requires": {
        "@sentry/types": "6.18.1",
        "tslib": "^1.9.3"
      }
    },
    "tslib": {
      "version": "1.14.1",
      "resolved": "https://registry.npmjs.org/tslib/-/tslib-1.14.1.tgz",
      "integrity": "sha512-Xni35NKzjgMrwevysHTCArtLDpPvye8zV/0E4EyYn43P7/7qvQwPh9BGkHewbMulVntbigmcT7rdX3BNo9wRJg=="
    }
  }
}
